{
  "lockfileVersion": 1,
  "configVersion": 1,
  "workspaces": {
    "": {
      "dependencies": {
        "@opencode-ai/plugin": "1.2.22",
      },
    },
  },
  "packages": {
    "@opencode-ai/plugin": ["@opencode-ai/plugin@1.2.22", "", { "dependencies": { "@opencode-ai/sdk": "1.2.22", "zod": "4.1.8" } }, "sha512-vKVHymAGspLDBuObiJNSoCAQR+l6aMx6n21mgwNBa0BY4n0uzdJcM1rAN/Ksv/t6rsswMcsNeH0yMmj9Iokf7Q=="],

    "@opencode-ai/sdk": ["@opencode-ai/sdk@1.2.22", "", {}, "sha512-EXI1+Rc9dkzKo9uDj0EA4pLUCQJS2Qi8/xKwsT6RNZPBpSau05HVPWlZ+t8WyLW4fWymiho8jsXSErfKOpyCsw=="],

    "zod": ["zod@4.1.8", "", {}, "sha512-5R1P+WwQqmmMIEACyzSvo4JXHY5WiAFHRMg+zBZKgKS+Q1viRa0C1hmUKtHltoIFKtIdki3pRxkmpP74jnNYHQ=="],
  }
}
